
Microsoft Visual Studio Solution File, Format Version 12.00
# Visual Studio 15
VisualStudioVersion = 15.0.28307.421
MinimumVisualStudioVersion = 10.0.40219.1
Project("{159641D6-6404-4A2A-AE62-294DE0FE8301}") = "SSISProj02_Zadanie1", "SSISProj02_Zadanie1\SSISProj02_Zadanie1.dtproj", "{D233278D-F458-4757-AB82-51BD4A73DF41}"
EndProject
Global
	GlobalSection(SolutionConfigurationPlatforms) = preSolution
		Development|Default = Development|Default
	EndGlobalSection
	GlobalSection(ProjectConfigurationPlatforms) = postSolution
		{D233278D-F458-4757-AB82-51BD4A73DF41}.Development|Default.ActiveCfg = Development
		{D233278D-F458-4757-AB82-51BD4A73DF41}.Development|Default.Build.0 = Development
	EndGlobalSection
	GlobalSection(SolutionProperties) = preSolution
		HideSolutionNode = FALSE
	EndGlobalSection
	GlobalSection(ExtensibilityGlobals) = postSolution
		SolutionGuid = {50E5DF61-AEFB-4EC7-9BF4-422E372F1E96}
	EndGlobalSection
EndGlobal
